
Microsoft Visual Studio Solution File, Format Version 12.00
# Visual Studio 14
VisualStudioVersion = 14.0.25420.1
MinimumVisualStudioVersion = 10.0.40219.1
Project("{8BC9CEB8-8B4A-11D0-8D11-00A0C91BC942}") = "alpha_mask2", "alpha_mask2.vcxproj", "{6FF891EC-326A-428C-86EF-BE0D7E1A3180}"
EndProject
Project("{8BC9CEB8-8B4A-11D0-8D11-00A0C91BC942}") = "agg24winBase", "agg24winBase.vcxproj", "{8BF24B57-D36B-4A1F-AAA6-4E8C0A42AA71}"
EndProject
Project("{8BC9CEB8-8B4A-11D0-8D11-00A0C91BC942}") = "agg24", "..\..\agg24.vcxproj", "{CDC7A0CC-26F7-4B00-9399-06CA63801E11}"
EndProject
Project("{8BC9CEB8-8B4A-11D0-8D11-00A0C91BC942}") = "aa_demo", "aa_demo.vcxproj", "{672D5D0B-21AD-4B15-AD48-888A7593D176}"
EndProject
Project("{8BC9CEB8-8B4A-11D0-8D11-00A0C91BC942}") = "aa_test", "aa_test.vcxproj", "{5FD37243-33A3-4EE9-B580-7EF450F70306}"
EndProject
Project("{8BC9CEB8-8B4A-11D0-8D11-00A0C91BC942}") = "alpha_gradient", "alpha_gradient.vcxproj", "{690916FA-3A50-4EC7-B792-4EBBBAAE2958}"
EndProject
Project("{8BC9CEB8-8B4A-11D0-8D11-00A0C91BC942}") = "alpha_mask", "alpha_mask.vcxproj", "{4E1DE200-ECA6-4598-8291-C7F6F4EE08AC}"
EndProject
Project("{8BC9CEB8-8B4A-11D0-8D11-00A0C91BC942}") = "alpha_mask3", "alpha_mask3.vcxproj", "{68F95B02-7A95-4CCF-984B-6264870BC3BC}"
EndProject
Project("{8BC9CEB8-8B4A-11D0-8D11-00A0C91BC942}") = "bezier_div", "bezier_div.vcxproj", "{28373145-7DFF-4B59-B950-D38608DCF064}"
EndProject
Project("{8BC9CEB8-8B4A-11D0-8D11-00A0C91BC942}") = "blend_color", "blend_color.vcxproj", "{DD7DC52E-51CB-42F2-AB9B-A6B5104097C1}"
EndProject
Project("{8BC9CEB8-8B4A-11D0-8D11-00A0C91BC942}") = "blur", "blur.vcxproj", "{914BFE1C-197C-4A00-8D56-3D2296962FBC}"
EndProject
Project("{8BC9CEB8-8B4A-11D0-8D11-00A0C91BC942}") = "bspline", "bspline.vcxproj", "{92C92548-C3CB-4D0C-BE6C-3A9B499F4F6B}"
EndProject
Project("{8BC9CEB8-8B4A-11D0-8D11-00A0C91BC942}") = "circles", "circles.vcxproj", "{18A36A37-0371-4157-88A3-2F67079CDFCF}"
EndProject
Project("{8BC9CEB8-8B4A-11D0-8D11-00A0C91BC942}") = "component_rendering", "component_rendering.vcxproj", "{74EF287B-0603-405C-963D-0D5DBBE0B832}"
EndProject
Project("{8BC9CEB8-8B4A-11D0-8D11-00A0C91BC942}") = "compositing", "compositing.vcxproj", "{249A87D7-3A17-4063-A577-6BFAE54DF603}"
EndProject
Project("{8BC9CEB8-8B4A-11D0-8D11-00A0C91BC942}") = "compositing2", "compositing2.vcxproj", "{62A18DBE-A54C-4C50-8F34-12ACC6F58CB5}"
EndProject
Project("{8BC9CEB8-8B4A-11D0-8D11-00A0C91BC942}") = "conv_contour", "conv_contour.vcxproj", "{1CFF0970-3420-48A0-BB41-55A7D87A3514}"
EndProject
Project("{8BC9CEB8-8B4A-11D0-8D11-00A0C91BC942}") = "conv_dash_marker", "conv_dash_marker.vcxproj", "{188DDFFD-E292-41C2-A788-671A43C6C6D5}"
EndProject
Project("{8BC9CEB8-8B4A-11D0-8D11-00A0C91BC942}") = "conv_stroke", "conv_stroke.vcxproj", "{C3ECF2D5-5758-4464-9A2E-A9736695F02D}"
EndProject
Project("{8BC9CEB8-8B4A-11D0-8D11-00A0C91BC942}") = "distortions", "distortions.vcxproj", "{004A7DEE-4578-460B-8F3F-35A3431CF206}"
EndProject
Project("{8BC9CEB8-8B4A-11D0-8D11-00A0C91BC942}") = "flash_rasterizer", "flash_rasterizer.vcxproj", "{92A46F4F-E3ED-47F5-B9B0-8D6506983E7C}"
EndProject
Project("{8BC9CEB8-8B4A-11D0-8D11-00A0C91BC942}") = "flash_rasterizer2", "flash_rasterizer2.vcxproj", "{84D05AB7-7E3D-4159-926B-F6C9D3D9F8AC}"
EndProject
Project("{8BC9CEB8-8B4A-11D0-8D11-00A0C91BC942}") = "gamma_correction", "gamma_correction.vcxproj", "{D4649C96-85F1-4DFD-AE0B-1C5F4FD67AE2}"
EndProject
Project("{8BC9CEB8-8B4A-11D0-8D11-00A0C91BC942}") = "gamma_ctrl", "gamma_ctrl.vcxproj", "{876CD6E5-04BB-4E68-A781-817CC8AC01FF}"
EndProject
Project("{8BC9CEB8-8B4A-11D0-8D11-00A0C91BC942}") = "gamma_tuner", "gamma_tuner.vcxproj", "{03248D0D-6C41-4CBE-B8AC-82EC3B17B6A3}"
EndProject
Project("{8BC9CEB8-8B4A-11D0-8D11-00A0C91BC942}") = "gouraud", "gouraud.vcxproj", "{16839779-3A53-41C1-86E8-B1A9C4790108}"
EndProject
Project("{8BC9CEB8-8B4A-11D0-8D11-00A0C91BC942}") = "gouraud_mesh", "gouraud_mesh.vcxproj", "{CC8C3FD5-1A71-4D86-8CAC-A2D15AA6567F}"
EndProject
Project("{8BC9CEB8-8B4A-11D0-8D11-00A0C91BC942}") = "gpc_test", "gpc_test.vcxproj", "{6C603F9E-6A04-4C28-9ED4-2E8737149AA1}"
EndProject
Project("{8BC9CEB8-8B4A-11D0-8D11-00A0C91BC942}") = "gradient_focal", "gradient_focal.vcxproj", "{911F5A85-66BB-4BD8-9A37-726D5D70C38E}"
EndProject
Project("{8BC9CEB8-8B4A-11D0-8D11-00A0C91BC942}") = "gradients", "gradients.vcxproj", "{43969AC3-AB36-4C21-8E4A-A32FBF6D5A60}"
EndProject
Project("{8BC9CEB8-8B4A-11D0-8D11-00A0C91BC942}") = "graph_test", "graph_test.vcxproj", "{66D45D88-5C0C-4BDD-866B-05E4483E8205}"
EndProject
Project("{8BC9CEB8-8B4A-11D0-8D11-00A0C91BC942}") = "idea", "idea.vcxproj", "{8979C66A-4A43-4F3F-B0F9-5D41B8C4C934}"
EndProject
Project("{8BC9CEB8-8B4A-11D0-8D11-00A0C91BC942}") = "image_alpha", "image_alpha.vcxproj", "{A62B6870-7C58-4C05-BA92-F5D89D40FD82}"
EndProject
Project("{8BC9CEB8-8B4A-11D0-8D11-00A0C91BC942}") = "image_filters", "image_filters.vcxproj", "{5C062CD3-46B5-475F-8371-49A40385B470}"
EndProject
Project("{8BC9CEB8-8B4A-11D0-8D11-00A0C91BC942}") = "image_filters2", "image_filters2.vcxproj", "{5ABB9827-628C-46F2-8E38-188D51D1A42C}"
EndProject
Project("{8BC9CEB8-8B4A-11D0-8D11-00A0C91BC942}") = "image_fltr_graph", "image_fltr_graph.vcxproj", "{134FEB26-3B18-472A-B691-6B8AC1AA4AF4}"
EndProject
Project("{8BC9CEB8-8B4A-11D0-8D11-00A0C91BC942}") = "image_perspective", "image_perspective.vcxproj", "{777DE293-ACB8-4731-9F92-AD37A3B2A625}"
EndProject
Project("{8BC9CEB8-8B4A-11D0-8D11-00A0C91BC942}") = "image_resample", "image_resample.vcxproj", "{4120B436-F6AB-45C9-AB07-DF4B92ADC060}"
EndProject
Project("{8BC9CEB8-8B4A-11D0-8D11-00A0C91BC942}") = "image_transforms", "image_transforms.vcxproj", "{4A7A3E32-9A50-471C-9012-B7F393DC0BE9}"
EndProject
Project("{8BC9CEB8-8B4A-11D0-8D11-00A0C91BC942}") = "image1", "image1.vcxproj", "{EA92E6D7-8C1A-456A-A7B2-9F21C5711A6D}"
EndProject
Project("{8BC9CEB8-8B4A-11D0-8D11-00A0C91BC942}") = "line_patterns", "line_patterns.vcxproj", "{D2A8E613-77E1-4C67-8221-69CD43C80DA5}"
EndProject
Project("{8BC9CEB8-8B4A-11D0-8D11-00A0C91BC942}") = "lion", "lion.vcxproj", "{E379D307-6FDA-47DF-9CA8-AB6E3F5D19AF}"
EndProject
Project("{8BC9CEB8-8B4A-11D0-8D11-00A0C91BC942}") = "lion_lens", "lion_lens.vcxproj", "{7AB256E5-2D96-4389-92D9-7C780D3769CB}"
EndProject
Project("{8BC9CEB8-8B4A-11D0-8D11-00A0C91BC942}") = "lion_outline", "lion_outline.vcxproj", "{331DCFA6-C86D-4239-BA68-371DFEEE5115}"
EndProject
Project("{8BC9CEB8-8B4A-11D0-8D11-00A0C91BC942}") = "mol_view", "mol_view.vcxproj", "{19819CB6-99FD-4491-8483-B41D417FFC4B}"
EndProject
Project("{8BC9CEB8-8B4A-11D0-8D11-00A0C91BC942}") = "multi_clip", "multi_clip.vcxproj", "{4214B5ED-AAC7-4471-A3E9-22B5448DAE94}"
EndProject
Project("{8BC9CEB8-8B4A-11D0-8D11-00A0C91BC942}") = "pattern_fill", "pattern_fill.vcxproj", "{E8D8CAB2-402A-4B7C-99CE-F1E20DBE9754}"
EndProject
Project("{8BC9CEB8-8B4A-11D0-8D11-00A0C91BC942}") = "pattern_perspective", "pattern_perspective.vcxproj", "{0C17E236-6975-4B0B-AA8E-D0DE3A1799F4}"
EndProject
Project("{8BC9CEB8-8B4A-11D0-8D11-00A0C91BC942}") = "pattern_resample", "pattern_resample.vcxproj", "{E1E809E5-0847-4ADE-964D-3BAC02BA8D9C}"
EndProject
Project("{8BC9CEB8-8B4A-11D0-8D11-00A0C91BC942}") = "perspective", "perspective.vcxproj", "{55C9241D-17F1-41BE-B70C-205CEAD26F46}"
EndProject
Project("{8BC9CEB8-8B4A-11D0-8D11-00A0C91BC942}") = "polymorphic_renderer", "polymorphic_renderer.vcxproj", "{77F00E6D-0960-42A5-83C3-B3A024DB1F4E}"
EndProject
Project("{8BC9CEB8-8B4A-11D0-8D11-00A0C91BC942}") = "raster_text", "raster_text.vcxproj", "{D953BE70-BEC0-46B6-AB04-BA947E96FAD2}"
EndProject
Project("{8BC9CEB8-8B4A-11D0-8D11-00A0C91BC942}") = "rasterizer_compound", "rasterizer_compound.vcxproj", "{6E3DFA30-3E1B-4733-9A17-AC7AC8903E8A}"
EndProject
Project("{8BC9CEB8-8B4A-11D0-8D11-00A0C91BC942}") = "rasterizers", "rasterizers.vcxproj", "{6BD0DCC0-F4D4-406F-A431-712736103A99}"
EndProject
Project("{8BC9CEB8-8B4A-11D0-8D11-00A0C91BC942}") = "rasterizers2", "rasterizers2.vcxproj", "{53D2F7FD-6AEB-4018-B920-00911F5C245C}"
EndProject
Project("{8BC9CEB8-8B4A-11D0-8D11-00A0C91BC942}") = "rounded_rect", "rounded_rect.vcxproj", "{9C52EBE8-38A9-4CFA-838C-C31A353FDA46}"
EndProject
Project("{8BC9CEB8-8B4A-11D0-8D11-00A0C91BC942}") = "scanline_boolean", "scanline_boolean.vcxproj", "{15B98042-D21E-4BF1-AC62-E11C67EF43A0}"
EndProject
Project("{8BC9CEB8-8B4A-11D0-8D11-00A0C91BC942}") = "scanline_boolean2", "scanline_boolean2.vcxproj", "{E86455CB-2712-45BA-9FC1-7460813B6A41}"
EndProject
Project("{8BC9CEB8-8B4A-11D0-8D11-00A0C91BC942}") = "simple_blur", "simple_blur.vcxproj", "{F5853ED7-6984-42E0-97ED-FA8F8584889A}"
EndProject
Project("{8BC9CEB8-8B4A-11D0-8D11-00A0C91BC942}") = "trans_curve1", "trans_curve1.vcxproj", "{D4D35B10-5E90-4888-AC6D-40F69EA66FD2}"
EndProject
Project("{8BC9CEB8-8B4A-11D0-8D11-00A0C91BC942}") = "trans_curve2", "trans_curve2.vcxproj", "{1F273A3D-4614-4A88-8942-714C0CA3B809}"
EndProject
Project("{8BC9CEB8-8B4A-11D0-8D11-00A0C91BC942}") = "trans_polar", "trans_polar.vcxproj", "{E3FB237E-9A1F-4FFF-A546-17E9D451153C}"
EndProject
Project("{8BC9CEB8-8B4A-11D0-8D11-00A0C91BC942}") = "truetype_test", "truetype_test.vcxproj", "{34034270-EBDB-4942-853E-6F63F27D659A}"
EndProject
Global
	GlobalSection(SolutionConfigurationPlatforms) = preSolution
		Debug|x64 = Debug|x64
		Debug|x86 = Debug|x86
		Release|x64 = Release|x64
		Release|x86 = Release|x86
	EndGlobalSection
	GlobalSection(ProjectConfigurationPlatforms) = postSolution
		{6FF891EC-326A-428C-86EF-BE0D7E1A3180}.Debug|x64.ActiveCfg = Debug|x64
		{6FF891EC-326A-428C-86EF-BE0D7E1A3180}.Debug|x64.Build.0 = Debug|x64
		{6FF891EC-326A-428C-86EF-BE0D7E1A3180}.Debug|x86.ActiveCfg = Debug|Win32
		{6FF891EC-326A-428C-86EF-BE0D7E1A3180}.Debug|x86.Build.0 = Debug|Win32
		{6FF891EC-326A-428C-86EF-BE0D7E1A3180}.Release|x64.ActiveCfg = Release|x64
		{6FF891EC-326A-428C-86EF-BE0D7E1A3180}.Release|x64.Build.0 = Release|x64
		{6FF891EC-326A-428C-86EF-BE0D7E1A3180}.Release|x86.ActiveCfg = Release|Win32
		{6FF891EC-326A-428C-86EF-BE0D7E1A3180}.Release|x86.Build.0 = Release|Win32
		{8BF24B57-D36B-4A1F-AAA6-4E8C0A42AA71}.Debug|x64.ActiveCfg = Debug|x64
		{8BF24B57-D36B-4A1F-AAA6-4E8C0A42AA71}.Debug|x64.Build.0 = Debug|x64
		{8BF24B57-D36B-4A1F-AAA6-4E8C0A42AA71}.Debug|x86.ActiveCfg = Debug|Win32
		{8BF24B57-D36B-4A1F-AAA6-4E8C0A42AA71}.Debug|x86.Build.0 = Debug|Win32
		{8BF24B57-D36B-4A1F-AAA6-4E8C0A42AA71}.Release|x64.ActiveCfg = Release|x64
		{8BF24B57-D36B-4A1F-AAA6-4E8C0A42AA71}.Release|x64.Build.0 = Release|x64
		{8BF24B57-D36B-4A1F-AAA6-4E8C0A42AA71}.Release|x86.ActiveCfg = Release|Win32
		{8BF24B57-D36B-4A1F-AAA6-4E8C0A42AA71}.Release|x86.Build.0 = Release|Win32
		{CDC7A0CC-26F7-4B00-9399-06CA63801E11}.Debug|x64.ActiveCfg = Debug|x64
		{CDC7A0CC-26F7-4B00-9399-06CA63801E11}.Debug|x64.Build.0 = Debug|x64
		{CDC7A0CC-26F7-4B00-9399-06CA63801E11}.Debug|x86.ActiveCfg = Debug|Win32
		{CDC7A0CC-26F7-4B00-9399-06CA63801E11}.Debug|x86.Build.0 = Debug|Win32
		{CDC7A0CC-26F7-4B00-9399-06CA63801E11}.Release|x64.ActiveCfg = Release|x64
		{CDC7A0CC-26F7-4B00-9399-06CA63801E11}.Release|x64.Build.0 = Release|x64
		{CDC7A0CC-26F7-4B00-9399-06CA63801E11}.Release|x86.ActiveCfg = Release|Win32
		{CDC7A0CC-26F7-4B00-9399-06CA63801E11}.Release|x86.Build.0 = Release|Win32
		{672D5D0B-21AD-4B15-AD48-888A7593D176}.Debug|x64.ActiveCfg = Debug|x64
		{672D5D0B-21AD-4B15-AD48-888A7593D176}.Debug|x64.Build.0 = Debug|x64
		{672D5D0B-21AD-4B15-AD48-888A7593D176}.Debug|x86.ActiveCfg = Debug|Win32
		{672D5D0B-21AD-4B15-AD48-888A7593D176}.Debug|x86.Build.0 = Debug|Win32
		{672D5D0B-21AD-4B15-AD48-888A7593D176}.Release|x64.ActiveCfg = Release|x64
		{672D5D0B-21AD-4B15-AD48-888A7593D176}.Release|x64.Build.0 = Release|x64
		{672D5D0B-21AD-4B15-AD48-888A7593D176}.Release|x86.ActiveCfg = Release|Win32
		{672D5D0B-21AD-4B15-AD48-888A7593D176}.Release|x86.Build.0 = Release|Win32
		{5FD37243-33A3-4EE9-B580-7EF450F70306}.Debug|x64.ActiveCfg = Debug|x64
		{5FD37243-33A3-4EE9-B580-7EF450F70306}.Debug|x64.Build.0 = Debug|x64
		{5FD37243-33A3-4EE9-B580-7EF450F70306}.Debug|x86.ActiveCfg = Debug|Win32
		{5FD37243-33A3-4EE9-B580-7EF450F70306}.Debug|x86.Build.0 = Debug|Win32
		{5FD37243-33A3-4EE9-B580-7EF450F70306}.Release|x64.ActiveCfg = Release|x64
		{5FD37243-33A3-4EE9-B580-7EF450F70306}.Release|x64.Build.0 = Release|x64
		{5FD37243-33A3-4EE9-B580-7EF450F70306}.Release|x86.ActiveCfg = Release|Win32
		{5FD37243-33A3-4EE9-B580-7EF450F70306}.Release|x86.Build.0 = Release|Win32
		{690916FA-3A50-4EC7-B792-4EBBBAAE2958}.Debug|x64.ActiveCfg = Debug|x64
		{690916FA-3A50-4EC7-B792-4EBBBAAE2958}.Debug|x64.Build.0 = Debug|x64
		{690916FA-3A50-4EC7-B792-4EBBBAAE2958}.Debug|x86.ActiveCfg = Debug|Win32
		{690916FA-3A50-4EC7-B792-4EBBBAAE2958}.Debug|x86.Build.0 = Debug|Win32
		{690916FA-3A50-4EC7-B792-4EBBBAAE2958}.Release|x64.ActiveCfg = Release|x64
		{690916FA-3A50-4EC7-B792-4EBBBAAE2958}.Release|x64.Build.0 = Release|x64
		{690916FA-3A50-4EC7-B792-4EBBBAAE2958}.Release|x86.ActiveCfg = Release|Win32
		{690916FA-3A50-4EC7-B792-4EBBBAAE2958}.Release|x86.Build.0 = Release|Win32
		{4E1DE200-ECA6-4598-8291-C7F6F4EE08AC}.Debug|x64.ActiveCfg = Debug|x64
		{4E1DE200-ECA6-4598-8291-C7F6F4EE08AC}.Debug|x64.Build.0 = Debug|x64
		{4E1DE200-ECA6-4598-8291-C7F6F4EE08AC}.Debug|x86.ActiveCfg = Debug|Win32
		{4E1DE200-ECA6-4598-8291-C7F6F4EE08AC}.Debug|x86.Build.0 = Debug|Win32
		{4E1DE200-ECA6-4598-8291-C7F6F4EE08AC}.Release|x64.ActiveCfg = Release|x64
		{4E1DE200-ECA6-4598-8291-C7F6F4EE08AC}.Release|x64.Build.0 = Release|x64
		{4E1DE200-ECA6-4598-8291-C7F6F4EE08AC}.Release|x86.ActiveCfg = Release|Win32
		{4E1DE200-ECA6-4598-8291-C7F6F4EE08AC}.Release|x86.Build.0 = Release|Win32
		{68F95B02-7A95-4CCF-984B-6264870BC3BC}.Debug|x64.ActiveCfg = Debug|x64
		{68F95B02-7A95-4CCF-984B-6264870BC3BC}.Debug|x64.Build.0 = Debug|x64
		{68F95B02-7A95-4CCF-984B-6264870BC3BC}.Debug|x86.ActiveCfg = Debug|Win32
		{68F95B02-7A95-4CCF-984B-6264870BC3BC}.Debug|x86.Build.0 = Debug|Win32
		{68F95B02-7A95-4CCF-984B-6264870BC3BC}.Release|x64.ActiveCfg = Release|x64
		{68F95B02-7A95-4CCF-984B-6264870BC3BC}.Release|x64.Build.0 = Release|x64
		{68F95B02-7A95-4CCF-984B-6264870BC3BC}.Release|x86.ActiveCfg = Release|Win32
		{68F95B02-7A95-4CCF-984B-6264870BC3BC}.Release|x86.Build.0 = Release|Win32
		{28373145-7DFF-4B59-B950-D38608DCF064}.Debug|x64.ActiveCfg = Debug|x64
		{28373145-7DFF-4B59-B950-D38608DCF064}.Debug|x64.Build.0 = Debug|x64
		{28373145-7DFF-4B59-B950-D38608DCF064}.Debug|x86.ActiveCfg = Debug|Win32
		{28373145-7DFF-4B59-B950-D38608DCF064}.Debug|x86.Build.0 = Debug|Win32
		{28373145-7DFF-4B59-B950-D38608DCF064}.Release|x64.ActiveCfg = Release|x64
		{28373145-7DFF-4B59-B950-D38608DCF064}.Release|x64.Build.0 = Release|x64
		{28373145-7DFF-4B59-B950-D38608DCF064}.Release|x86.ActiveCfg = Release|Win32
		{28373145-7DFF-4B59-B950-D38608DCF064}.Release|x86.Build.0 = Release|Win32
		{DD7DC52E-51CB-42F2-AB9B-A6B5104097C1}.Debug|x64.ActiveCfg = Debug|x64
		{DD7DC52E-51CB-42F2-AB9B-A6B5104097C1}.Debug|x64.Build.0 = Debug|x64
		{DD7DC52E-51CB-42F2-AB9B-A6B5104097C1}.Debug|x86.ActiveCfg = Debug|Win32
		{DD7DC52E-51CB-42F2-AB9B-A6B5104097C1}.Debug|x86.Build.0 = Debug|Win32
		{DD7DC52E-51CB-42F2-AB9B-A6B5104097C1}.Release|x64.ActiveCfg = Release|x64
		{DD7DC52E-51CB-42F2-AB9B-A6B5104097C1}.Release|x64.Build.0 = Release|x64
		{DD7DC52E-51CB-42F2-AB9B-A6B5104097C1}.Release|x86.ActiveCfg = Release|Win32
		{DD7DC52E-51CB-42F2-AB9B-A6B5104097C1}.Release|x86.Build.0 = Release|Win32
		{914BFE1C-197C-4A00-8D56-3D2296962FBC}.Debug|x64.ActiveCfg = Debug|x64
		{914BFE1C-197C-4A00-8D56-3D2296962FBC}.Debug|x64.Build.0 = Debug|x64
		{914BFE1C-197C-4A00-8D56-3D2296962FBC}.Debug|x86.ActiveCfg = Debug|Win32
		{914BFE1C-197C-4A00-8D56-3D2296962FBC}.Debug|x86.Build.0 = Debug|Win32
		{914BFE1C-197C-4A00-8D56-3D2296962FBC}.Release|x64.ActiveCfg = Release|x64
		{914BFE1C-197C-4A00-8D56-3D2296962FBC}.Release|x64.Build.0 = Release|x64
		{914BFE1C-197C-4A00-8D56-3D2296962FBC}.Release|x86.ActiveCfg = Release|Win32
		{914BFE1C-197C-4A00-8D56-3D2296962FBC}.Release|x86.Build.0 = Release|Win32
		{92C92548-C3CB-4D0C-BE6C-3A9B499F4F6B}.Debug|x64.ActiveCfg = Debug|x64
		{92C92548-C3CB-4D0C-BE6C-3A9B499F4F6B}.Debug|x64.Build.0 = Debug|x64
		{92C92548-C3CB-4D0C-BE6C-3A9B499F4F6B}.Debug|x86.ActiveCfg = Debug|Win32
		{92C92548-C3CB-4D0C-BE6C-3A9B499F4F6B}.Debug|x86.Build.0 = Debug|Win32
		{92C92548-C3CB-4D0C-BE6C-3A9B499F4F6B}.Release|x64.ActiveCfg = Release|x64
		{92C92548-C3CB-4D0C-BE6C-3A9B499F4F6B}.Release|x64.Build.0 = Release|x64
		{92C92548-C3CB-4D0C-BE6C-3A9B499F4F6B}.Release|x86.ActiveCfg = Release|Win32
		{92C92548-C3CB-4D0C-BE6C-3A9B499F4F6B}.Release|x86.Build.0 = Release|Win32
		{18A36A37-0371-4157-88A3-2F67079CDFCF}.Debug|x64.ActiveCfg = Debug|x64
		{18A36A37-0371-4157-88A3-2F67079CDFCF}.Debug|x64.Build.0 = Debug|x64
		{18A36A37-0371-4157-88A3-2F67079CDFCF}.Debug|x86.ActiveCfg = Debug|Win32
		{18A36A37-0371-4157-88A3-2F67079CDFCF}.Debug|x86.Build.0 = Debug|Win32
		{18A36A37-0371-4157-88A3-2F67079CDFCF}.Release|x64.ActiveCfg = Release|x64
		{18A36A37-0371-4157-88A3-2F67079CDFCF}.Release|x64.Build.0 = Release|x64
		{18A36A37-0371-4157-88A3-2F67079CDFCF}.Release|x86.ActiveCfg = Release|Win32
		{18A36A37-0371-4157-88A3-2F67079CDFCF}.Release|x86.Build.0 = Release|Win32
		{74EF287B-0603-405C-963D-0D5DBBE0B832}.Debug|x64.ActiveCfg = Debug|x64
		{74EF287B-0603-405C-963D-0D5DBBE0B832}.Debug|x64.Build.0 = Debug|x64
		{74EF287B-0603-405C-963D-0D5DBBE0B832}.Debug|x86.ActiveCfg = Debug|Win32
		{74EF287B-0603-405C-963D-0D5DBBE0B832}.Debug|x86.Build.0 = Debug|Win32
		{74EF287B-0603-405C-963D-0D5DBBE0B832}.Release|x64.ActiveCfg = Release|x64
		{74EF287B-0603-405C-963D-0D5DBBE0B832}.Release|x64.Build.0 = Release|x64
		{74EF287B-0603-405C-963D-0D5DBBE0B832}.Release|x86.ActiveCfg = Release|Win32
		{74EF287B-0603-405C-963D-0D5DBBE0B832}.Release|x86.Build.0 = Release|Win32
		{249A87D7-3A17-4063-A577-6BFAE54DF603}.Debug|x64.ActiveCfg = Debug|x64
		{249A87D7-3A17-4063-A577-6BFAE54DF603}.Debug|x64.Build.0 = Debug|x64
		{249A87D7-3A17-4063-A577-6BFAE54DF603}.Debug|x86.ActiveCfg = Debug|Win32
		{249A87D7-3A17-4063-A577-6BFAE54DF603}.Debug|x86.Build.0 = Debug|Win32
		{249A87D7-3A17-4063-A577-6BFAE54DF603}.Release|x64.ActiveCfg = Release|x64
		{249A87D7-3A17-4063-A577-6BFAE54DF603}.Release|x64.Build.0 = Release|x64
		{249A87D7-3A17-4063-A577-6BFAE54DF603}.Release|x86.ActiveCfg = Release|Win32
		{249A87D7-3A17-4063-A577-6BFAE54DF603}.Release|x86.Build.0 = Release|Win32
		{62A18DBE-A54C-4C50-8F34-12ACC6F58CB5}.Debug|x64.ActiveCfg = Debug|x64
		{62A18DBE-A54C-4C50-8F34-12ACC6F58CB5}.Debug|x64.Build.0 = Debug|x64
		{62A18DBE-A54C-4C50-8F34-12ACC6F58CB5}.Debug|x86.ActiveCfg = Debug|Win32
		{62A18DBE-A54C-4C50-8F34-12ACC6F58CB5}.Debug|x86.Build.0 = Debug|Win32
		{62A18DBE-A54C-4C50-8F34-12ACC6F58CB5}.Release|x64.ActiveCfg = Release|x64
		{62A18DBE-A54C-4C50-8F34-12ACC6F58CB5}.Release|x64.Build.0 = Release|x64
		{62A18DBE-A54C-4C50-8F34-12ACC6F58CB5}.Release|x86.ActiveCfg = Release|Win32
		{62A18DBE-A54C-4C50-8F34-12ACC6F58CB5}.Release|x86.Build.0 = Release|Win32
		{1CFF0970-3420-48A0-BB41-55A7D87A3514}.Debug|x64.ActiveCfg = Debug|x64
		{1CFF0970-3420-48A0-BB41-55A7D87A3514}.Debug|x64.Build.0 = Debug|x64
		{1CFF0970-3420-48A0-BB41-55A7D87A3514}.Debug|x86.ActiveCfg = Debug|Win32
		{1CFF0970-3420-48A0-BB41-55A7D87A3514}.Debug|x86.Build.0 = Debug|Win32
		{1CFF0970-3420-48A0-BB41-55A7D87A3514}.Release|x64.ActiveCfg = Release|x64
		{1CFF0970-3420-48A0-BB41-55A7D87A3514}.Release|x64.Build.0 = Release|x64
		{1CFF0970-3420-48A0-BB41-55A7D87A3514}.Release|x86.ActiveCfg = Release|Win32
		{1CFF0970-3420-48A0-BB41-55A7D87A3514}.Release|x86.Build.0 = Release|Win32
		{188DDFFD-E292-41C2-A788-671A43C6C6D5}.Debug|x64.ActiveCfg = Debug|x64
		{188DDFFD-E292-41C2-A788-671A43C6C6D5}.Debug|x64.Build.0 = Debug|x64
		{188DDFFD-E292-41C2-A788-671A43C6C6D5}.Debug|x86.ActiveCfg = Debug|Win32
		{188DDFFD-E292-41C2-A788-671A43C6C6D5}.Debug|x86.Build.0 = Debug|Win32
		{188DDFFD-E292-41C2-A788-671A43C6C6D5}.Release|x64.ActiveCfg = Release|x64
		{188DDFFD-E292-41C2-A788-671A43C6C6D5}.Release|x64.Build.0 = Release|x64
		{188DDFFD-E292-41C2-A788-671A43C6C6D5}.Release|x86.ActiveCfg = Release|Win32
		{188DDFFD-E292-41C2-A788-671A43C6C6D5}.Release|x86.Build.0 = Release|Win32
		{C3ECF2D5-5758-4464-9A2E-A9736695F02D}.Debug|x64.ActiveCfg = Debug|x64
		{C3ECF2D5-5758-4464-9A2E-A9736695F02D}.Debug|x64.Build.0 = Debug|x64
		{C3ECF2D5-5758-4464-9A2E-A9736695F02D}.Debug|x86.ActiveCfg = Debug|Win32
		{C3ECF2D5-5758-4464-9A2E-A9736695F02D}.Debug|x86.Build.0 = Debug|Win32
		{C3ECF2D5-5758-4464-9A2E-A9736695F02D}.Release|x64.ActiveCfg = Release|x64
		{C3ECF2D5-5758-4464-9A2E-A9736695F02D}.Release|x64.Build.0 = Release|x64
		{C3ECF2D5-5758-4464-9A2E-A9736695F02D}.Release|x86.ActiveCfg = Release|Win32
		{C3ECF2D5-5758-4464-9A2E-A9736695F02D}.Release|x86.Build.0 = Release|Win32
		{004A7DEE-4578-460B-8F3F-35A3431CF206}.Debug|x64.ActiveCfg = Debug|x64
		{004A7DEE-4578-460B-8F3F-35A3431CF206}.Debug|x64.Build.0 = Debug|x64
		{004A7DEE-4578-460B-8F3F-35A3431CF206}.Debug|x86.ActiveCfg = Debug|Win32
		{004A7DEE-4578-460B-8F3F-35A3431CF206}.Debug|x86.Build.0 = Debug|Win32
		{004A7DEE-4578-460B-8F3F-35A3431CF206}.Release|x64.ActiveCfg = Release|x64
		{004A7DEE-4578-460B-8F3F-35A3431CF206}.Release|x64.Build.0 = Release|x64
		{004A7DEE-4578-460B-8F3F-35A3431CF206}.Release|x86.ActiveCfg = Release|Win32
		{004A7DEE-4578-460B-8F3F-35A3431CF206}.Release|x86.Build.0 = Release|Win32
		{92A46F4F-E3ED-47F5-B9B0-8D6506983E7C}.Debug|x64.ActiveCfg = Debug|x64
		{92A46F4F-E3ED-47F5-B9B0-8D6506983E7C}.Debug|x64.Build.0 = Debug|x64
		{92A46F4F-E3ED-47F5-B9B0-8D6506983E7C}.Debug|x86.ActiveCfg = Debug|Win32
		{92A46F4F-E3ED-47F5-B9B0-8D6506983E7C}.Debug|x86.Build.0 = Debug|Win32
		{92A46F4F-E3ED-47F5-B9B0-8D6506983E7C}.Release|x64.ActiveCfg = Release|x64
		{92A46F4F-E3ED-47F5-B9B0-8D6506983E7C}.Release|x64.Build.0 = Release|x64
		{92A46F4F-E3ED-47F5-B9B0-8D6506983E7C}.Release|x86.ActiveCfg = Release|Win32
		{92A46F4F-E3ED-47F5-B9B0-8D6506983E7C}.Release|x86.Build.0 = Release|Win32
		{84D05AB7-7E3D-4159-926B-F6C9D3D9F8AC}.Debug|x64.ActiveCfg = Debug|x64
		{84D05AB7-7E3D-4159-926B-F6C9D3D9F8AC}.Debug|x64.Build.0 = Debug|x64
		{84D05AB7-7E3D-4159-926B-F6C9D3D9F8AC}.Debug|x86.ActiveCfg = Debug|Win32
		{84D05AB7-7E3D-4159-926B-F6C9D3D9F8AC}.Debug|x86.Build.0 = Debug|Win32
		{84D05AB7-7E3D-4159-926B-F6C9D3D9F8AC}.Release|x64.ActiveCfg = Release|x64
		{84D05AB7-7E3D-4159-926B-F6C9D3D9F8AC}.Release|x64.Build.0 = Release|x64
		{84D05AB7-7E3D-4159-926B-F6C9D3D9F8AC}.Release|x86.ActiveCfg = Release|Win32
		{84D05AB7-7E3D-4159-926B-F6C9D3D9F8AC}.Release|x86.Build.0 = Release|Win32
		{D4649C96-85F1-4DFD-AE0B-1C5F4FD67AE2}.Debug|x64.ActiveCfg = Debug|x64
		{D4649C96-85F1-4DFD-AE0B-1C5F4FD67AE2}.Debug|x64.Build.0 = Debug|x64
		{D4649C96-85F1-4DFD-AE0B-1C5F4FD67AE2}.Debug|x86.ActiveCfg = Debug|Win32
		{D4649C96-85F1-4DFD-AE0B-1C5F4FD67AE2}.Debug|x86.Build.0 = Debug|Win32
		{D4649C96-85F1-4DFD-AE0B-1C5F4FD67AE2}.Release|x64.ActiveCfg = Release|x64
		{D4649C96-85F1-4DFD-AE0B-1C5F4FD67AE2}.Release|x64.Build.0 = Release|x64
		{D4649C96-85F1-4DFD-AE0B-1C5F4FD67AE2}.Release|x86.ActiveCfg = Release|Win32
		{D4649C96-85F1-4DFD-AE0B-1C5F4FD67AE2}.Release|x86.Build.0 = Release|Win32
		{876CD6E5-04BB-4E68-A781-817CC8AC01FF}.Debug|x64.ActiveCfg = Debug|x64
		{876CD6E5-04BB-4E68-A781-817CC8AC01FF}.Debug|x64.Build.0 = Debug|x64
		{876CD6E5-04BB-4E68-A781-817CC8AC01FF}.Debug|x86.ActiveCfg = Debug|Win32
		{876CD6E5-04BB-4E68-A781-817CC8AC01FF}.Debug|x86.Build.0 = Debug|Win32
		{876CD6E5-04BB-4E68-A781-817CC8AC01FF}.Release|x64.ActiveCfg = Release|x64
		{876CD6E5-04BB-4E68-A781-817CC8AC01FF}.Release|x64.Build.0 = Release|x64
		{876CD6E5-04BB-4E68-A781-817CC8AC01FF}.Release|x86.ActiveCfg = Release|Win32
		{876CD6E5-04BB-4E68-A781-817CC8AC01FF}.Release|x86.Build.0 = Release|Win32
		{03248D0D-6C41-4CBE-B8AC-82EC3B17B6A3}.Debug|x64.ActiveCfg = Debug|x64
		{03248D0D-6C41-4CBE-B8AC-82EC3B17B6A3}.Debug|x64.Build.0 = Debug|x64
		{03248D0D-6C41-4CBE-B8AC-82EC3B17B6A3}.Debug|x86.ActiveCfg = Debug|Win32
		{03248D0D-6C41-4CBE-B8AC-82EC3B17B6A3}.Debug|x86.Build.0 = Debug|Win32
		{03248D0D-6C41-4CBE-B8AC-82EC3B17B6A3}.Release|x64.ActiveCfg = Release|x64
		{03248D0D-6C41-4CBE-B8AC-82EC3B17B6A3}.Release|x64.Build.0 = Release|x64
		{03248D0D-6C41-4CBE-B8AC-82EC3B17B6A3}.Release|x86.ActiveCfg = Release|Win32
		{03248D0D-6C41-4CBE-B8AC-82EC3B17B6A3}.Release|x86.Build.0 = Release|Win32
		{16839779-3A53-41C1-86E8-B1A9C4790108}.Debug|x64.ActiveCfg = Debug|x64
		{16839779-3A53-41C1-86E8-B1A9C4790108}.Debug|x64.Build.0 = Debug|x64
		{16839779-3A53-41C1-86E8-B1A9C4790108}.Debug|x86.ActiveCfg = Debug|Win32
		{16839779-3A53-41C1-86E8-B1A9C4790108}.Debug|x86.Build.0 = Debug|Win32
		{16839779-3A53-41C1-86E8-B1A9C4790108}.Release|x64.ActiveCfg = Release|x64
		{16839779-3A53-41C1-86E8-B1A9C4790108}.Release|x64.Build.0 = Release|x64
		{16839779-3A53-41C1-86E8-B1A9C4790108}.Release|x86.ActiveCfg = Release|Win32
		{16839779-3A53-41C1-86E8-B1A9C4790108}.Release|x86.Build.0 = Release|Win32
		{CC8C3FD5-1A71-4D86-8CAC-A2D15AA6567F}.Debug|x64.ActiveCfg = Debug|x64
		{CC8C3FD5-1A71-4D86-8CAC-A2D15AA6567F}.Debug|x64.Build.0 = Debug|x64
		{CC8C3FD5-1A71-4D86-8CAC-A2D15AA6567F}.Debug|x86.ActiveCfg = Debug|Win32
		{CC8C3FD5-1A71-4D86-8CAC-A2D15AA6567F}.Debug|x86.Build.0 = Debug|Win32
		{CC8C3FD5-1A71-4D86-8CAC-A2D15AA6567F}.Release|x64.ActiveCfg = Release|x64
		{CC8C3FD5-1A71-4D86-8CAC-A2D15AA6567F}.Release|x64.Build.0 = Release|x64
		{CC8C3FD5-1A71-4D86-8CAC-A2D15AA6567F}.Release|x86.ActiveCfg = Release|Win32
		{CC8C3FD5-1A71-4D86-8CAC-A2D15AA6567F}.Release|x86.Build.0 = Release|Win32
		{6C603F9E-6A04-4C28-9ED4-2E8737149AA1}.Debug|x64.ActiveCfg = Debug|x64
		{6C603F9E-6A04-4C28-9ED4-2E8737149AA1}.Debug|x64.Build.0 = Debug|x64
		{6C603F9E-6A04-4C28-9ED4-2E8737149AA1}.Debug|x86.ActiveCfg = Debug|Win32
		{6C603F9E-6A04-4C28-9ED4-2E8737149AA1}.Debug|x86.Build.0 = Debug|Win32
		{6C603F9E-6A04-4C28-9ED4-2E8737149AA1}.Release|x64.ActiveCfg = Release|x64
		{6C603F9E-6A04-4C28-9ED4-2E8737149AA1}.Release|x64.Build.0 = Release|x64
		{6C603F9E-6A04-4C28-9ED4-2E8737149AA1}.Release|x86.ActiveCfg = Release|Win32
		{6C603F9E-6A04-4C28-9ED4-2E8737149AA1}.Release|x86.Build.0 = Release|Win32
		{911F5A85-66BB-4BD8-9A37-726D5D70C38E}.Debug|x64.ActiveCfg = Debug|x64
		{911F5A85-66BB-4BD8-9A37-726D5D70C38E}.Debug|x64.Build.0 = Debug|x64
		{911F5A85-66BB-4BD8-9A37-726D5D70C38E}.Debug|x86.ActiveCfg = Debug|Win32
		{911F5A85-66BB-4BD8-9A37-726D5D70C38E}.Debug|x86.Build.0 = Debug|Win32
		{911F5A85-66BB-4BD8-9A37-726D5D70C38E}.Release|x64.ActiveCfg = Release|x64
		{911F5A85-66BB-4BD8-9A37-726D5D70C38E}.Release|x64.Build.0 = Release|x64
		{911F5A85-66BB-4BD8-9A37-726D5D70C38E}.Release|x86.ActiveCfg = Release|Win32
		{911F5A85-66BB-4BD8-9A37-726D5D70C38E}.Release|x86.Build.0 = Release|Win32
		{43969AC3-AB36-4C21-8E4A-A32FBF6D5A60}.Debug|x64.ActiveCfg = Debug|x64
		{43969AC3-AB36-4C21-8E4A-A32FBF6D5A60}.Debug|x64.Build.0 = Debug|x64
		{43969AC3-AB36-4C21-8E4A-A32FBF6D5A60}.Debug|x86.ActiveCfg = Debug|Win32
		{43969AC3-AB36-4C21-8E4A-A32FBF6D5A60}.Debug|x86.Build.0 = Debug|Win32
		{43969AC3-AB36-4C21-8E4A-A32FBF6D5A60}.Release|x64.ActiveCfg = Release|x64
		{43969AC3-AB36-4C21-8E4A-A32FBF6D5A60}.Release|x64.Build.0 = Release|x64
		{43969AC3-AB36-4C21-8E4A-A32FBF6D5A60}.Release|x86.ActiveCfg = Release|Win32
		{43969AC3-AB36-4C21-8E4A-A32FBF6D5A60}.Release|x86.Build.0 = Release|Win32
		{66D45D88-5C0C-4BDD-866B-05E4483E8205}.Debug|x64.ActiveCfg = Debug|x64
		{66D45D88-5C0C-4BDD-866B-05E4483E8205}.Debug|x64.Build.0 = Debug|x64
		{66D45D88-5C0C-4BDD-866B-05E4483E8205}.Debug|x86.ActiveCfg = Debug|Win32
		{66D45D88-5C0C-4BDD-866B-05E4483E8205}.Debug|x86.Build.0 = Debug|Win32
		{66D45D88-5C0C-4BDD-866B-05E4483E8205}.Release|x64.ActiveCfg = Release|x64
		{66D45D88-5C0C-4BDD-866B-05E4483E8205}.Release|x64.Build.0 = Release|x64
		{66D45D88-5C0C-4BDD-866B-05E4483E8205}.Release|x86.ActiveCfg = Release|Win32
		{66D45D88-5C0C-4BDD-866B-05E4483E8205}.Release|x86.Build.0 = Release|Win32
		{8979C66A-4A43-4F3F-B0F9-5D41B8C4C934}.Debug|x64.ActiveCfg = Debug|x64
		{8979C66A-4A43-4F3F-B0F9-5D41B8C4C934}.Debug|x64.Build.0 = Debug|x64
		{8979C66A-4A43-4F3F-B0F9-5D41B8C4C934}.Debug|x86.ActiveCfg = Debug|Win32
		{8979C66A-4A43-4F3F-B0F9-5D41B8C4C934}.Debug|x86.Build.0 = Debug|Win32
		{8979C66A-4A43-4F3F-B0F9-5D41B8C4C934}.Release|x64.ActiveCfg = Release|x64
		{8979C66A-4A43-4F3F-B0F9-5D41B8C4C934}.Release|x64.Build.0 = Release|x64
		{8979C66A-4A43-4F3F-B0F9-5D41B8C4C934}.Release|x86.ActiveCfg = Release|Win32
		{8979C66A-4A43-4F3F-B0F9-5D41B8C4C934}.Release|x86.Build.0 = Release|Win32
		{A62B6870-7C58-4C05-BA92-F5D89D40FD82}.Debug|x64.ActiveCfg = Debug|x64
		{A62B6870-7C58-4C05-BA92-F5D89D40FD82}.Debug|x64.Build.0 = Debug|x64
		{A62B6870-7C58-4C05-BA92-F5D89D40FD82}.Debug|x86.ActiveCfg = Debug|Win32
		{A62B6870-7C58-4C05-BA92-F5D89D40FD82}.Debug|x86.Build.0 = Debug|Win32
		{A62B6870-7C58-4C05-BA92-F5D89D40FD82}.Release|x64.ActiveCfg = Release|x64
		{A62B6870-7C58-4C05-BA92-F5D89D40FD82}.Release|x64.Build.0 = Release|x64
		{A62B6870-7C58-4C05-BA92-F5D89D40FD82}.Release|x86.ActiveCfg = Release|Win32
		{A62B6870-7C58-4C05-BA92-F5D89D40FD82}.Release|x86.Build.0 = Release|Win32
		{5C062CD3-46B5-475F-8371-49A40385B470}.Debug|x64.ActiveCfg = Debug|x64
		{5C062CD3-46B5-475F-8371-49A40385B470}.Debug|x64.Build.0 = Debug|x64
		{5C062CD3-46B5-475F-8371-49A40385B470}.Debug|x86.ActiveCfg = Debug|Win32
		{5C062CD3-46B5-475F-8371-49A40385B470}.Debug|x86.Build.0 = Debug|Win32
		{5C062CD3-46B5-475F-8371-49A40385B470}.Release|x64.ActiveCfg = Release|x64
		{5C062CD3-46B5-475F-8371-49A40385B470}.Release|x64.Build.0 = Release|x64
		{5C062CD3-46B5-475F-8371-49A40385B470}.Release|x86.ActiveCfg = Release|Win32
		{5C062CD3-46B5-475F-8371-49A40385B470}.Release|x86.Build.0 = Release|Win32
		{5ABB9827-628C-46F2-8E38-188D51D1A42C}.Debug|x64.ActiveCfg = Debug|x64
		{5ABB9827-628C-46F2-8E38-188D51D1A42C}.Debug|x64.Build.0 = Debug|x64
		{5ABB9827-628C-46F2-8E38-188D51D1A42C}.Debug|x86.ActiveCfg = Debug|Win32
		{5ABB9827-628C-46F2-8E38-188D51D1A42C}.Debug|x86.Build.0 = Debug|Win32
		{5ABB9827-628C-46F2-8E38-188D51D1A42C}.Release|x64.ActiveCfg = Release|x64
		{5ABB9827-628C-46F2-8E38-188D51D1A42C}.Release|x64.Build.0 = Release|x64
		{5ABB9827-628C-46F2-8E38-188D51D1A42C}.Release|x86.ActiveCfg = Release|Win32
		{5ABB9827-628C-46F2-8E38-188D51D1A42C}.Release|x86.Build.0 = Release|Win32
		{134FEB26-3B18-472A-B691-6B8AC1AA4AF4}.Debug|x64.ActiveCfg = Debug|x64
		{134FEB26-3B18-472A-B691-6B8AC1AA4AF4}.Debug|x64.Build.0 = Debug|x64
		{134FEB26-3B18-472A-B691-6B8AC1AA4AF4}.Debug|x86.ActiveCfg = Debug|Win32
		{134FEB26-3B18-472A-B691-6B8AC1AA4AF4}.Debug|x86.Build.0 = Debug|Win32
		{134FEB26-3B18-472A-B691-6B8AC1AA4AF4}.Release|x64.ActiveCfg = Release|x64
		{134FEB26-3B18-472A-B691-6B8AC1AA4AF4}.Release|x64.Build.0 = Release|x64
		{134FEB26-3B18-472A-B691-6B8AC1AA4AF4}.Release|x86.ActiveCfg = Release|Win32
		{134FEB26-3B18-472A-B691-6B8AC1AA4AF4}.Release|x86.Build.0 = Release|Win32
		{777DE293-ACB8-4731-9F92-AD37A3B2A625}.Debug|x64.ActiveCfg = Debug|x64
		{777DE293-ACB8-4731-9F92-AD37A3B2A625}.Debug|x64.Build.0 = Debug|x64
		{777DE293-ACB8-4731-9F92-AD37A3B2A625}.Debug|x86.ActiveCfg = Debug|Win32
		{777DE293-ACB8-4731-9F92-AD37A3B2A625}.Debug|x86.Build.0 = Debug|Win32
		{777DE293-ACB8-4731-9F92-AD37A3B2A625}.Release|x64.ActiveCfg = Release|x64
		{777DE293-ACB8-4731-9F92-AD37A3B2A625}.Release|x64.Build.0 = Release|x64
		{777DE293-ACB8-4731-9F92-AD37A3B2A625}.Release|x86.ActiveCfg = Release|Win32
		{777DE293-ACB8-4731-9F92-AD37A3B2A625}.Release|x86.Build.0 = Release|Win32
		{4120B436-F6AB-45C9-AB07-DF4B92ADC060}.Debug|x64.ActiveCfg = Debug|x64
		{4120B436-F6AB-45C9-AB07-DF4B92ADC060}.Debug|x64.Build.0 = Debug|x64
		{4120B436-F6AB-45C9-AB07-DF4B92ADC060}.Debug|x86.ActiveCfg = Debug|Win32
		{4120B436-F6AB-45C9-AB07-DF4B92ADC060}.Debug|x86.Build.0 = Debug|Win32
		{4120B436-F6AB-45C9-AB07-DF4B92ADC060}.Release|x64.ActiveCfg = Release|x64
		{4120B436-F6AB-45C9-AB07-DF4B92ADC060}.Release|x64.Build.0 = Release|x64
		{4120B436-F6AB-45C9-AB07-DF4B92ADC060}.Release|x86.ActiveCfg = Release|Win32
		{4120B436-F6AB-45C9-AB07-DF4B92ADC060}.Release|x86.Build.0 = Release|Win32
		{4A7A3E32-9A50-471C-9012-B7F393DC0BE9}.Debug|x64.ActiveCfg = Debug|x64
		{4A7A3E32-9A50-471C-9012-B7F393DC0BE9}.Debug|x64.Build.0 = Debug|x64
		{4A7A3E32-9A50-471C-9012-B7F393DC0BE9}.Debug|x86.ActiveCfg = Debug|Win32
		{4A7A3E32-9A50-471C-9012-B7F393DC0BE9}.Debug|x86.Build.0 = Debug|Win32
		{4A7A3E32-9A50-471C-9012-B7F393DC0BE9}.Release|x64.ActiveCfg = Release|x64
		{4A7A3E32-9A50-471C-9012-B7F393DC0BE9}.Release|x64.Build.0 = Release|x64
		{4A7A3E32-9A50-471C-9012-B7F393DC0BE9}.Release|x86.ActiveCfg = Release|Win32
		{4A7A3E32-9A50-471C-9012-B7F393DC0BE9}.Release|x86.Build.0 = Release|Win32
		{EA92E6D7-8C1A-456A-A7B2-9F21C5711A6D}.Debug|x64.ActiveCfg = Debug|x64
		{EA92E6D7-8C1A-456A-A7B2-9F21C5711A6D}.Debug|x64.Build.0 = Debug|x64
		{EA92E6D7-8C1A-456A-A7B2-9F21C5711A6D}.Debug|x86.ActiveCfg = Debug|Win32
		{EA92E6D7-8C1A-456A-A7B2-9F21C5711A6D}.Debug|x86.Build.0 = Debug|Win32
		{EA92E6D7-8C1A-456A-A7B2-9F21C5711A6D}.Release|x64.ActiveCfg = Release|x64
		{EA92E6D7-8C1A-456A-A7B2-9F21C5711A6D}.Release|x64.Build.0 = Release|x64
		{EA92E6D7-8C1A-456A-A7B2-9F21C5711A6D}.Release|x86.ActiveCfg = Release|Win32
		{EA92E6D7-8C1A-456A-A7B2-9F21C5711A6D}.Release|x86.Build.0 = Release|Win32
		{D2A8E613-77E1-4C67-8221-69CD43C80DA5}.Debug|x64.ActiveCfg = Debug|x64
		{D2A8E613-77E1-4C67-8221-69CD43C80DA5}.Debug|x64.Build.0 = Debug|x64
		{D2A8E613-77E1-4C67-8221-69CD43C80DA5}.Debug|x86.ActiveCfg = Debug|Win32
		{D2A8E613-77E1-4C67-8221-69CD43C80DA5}.Debug|x86.Build.0 = Debug|Win32
		{D2A8E613-77E1-4C67-8221-69CD43C80DA5}.Release|x64.ActiveCfg = Release|x64
		{D2A8E613-77E1-4C67-8221-69CD43C80DA5}.Release|x64.Build.0 = Release|x64
		{D2A8E613-77E1-4C67-8221-69CD43C80DA5}.Release|x86.ActiveCfg = Release|Win32
		{D2A8E613-77E1-4C67-8221-69CD43C80DA5}.Release|x86.Build.0 = Release|Win32
		{E379D307-6FDA-47DF-9CA8-AB6E3F5D19AF}.Debug|x64.ActiveCfg = Debug|x64
		{E379D307-6FDA-47DF-9CA8-AB6E3F5D19AF}.Debug|x64.Build.0 = Debug|x64
		{E379D307-6FDA-47DF-9CA8-AB6E3F5D19AF}.Debug|x86.ActiveCfg = Debug|Win32
		{E379D307-6FDA-47DF-9CA8-AB6E3F5D19AF}.Debug|x86.Build.0 = Debug|Win32
		{E379D307-6FDA-47DF-9CA8-AB6E3F5D19AF}.Release|x64.ActiveCfg = Release|x64
		{E379D307-6FDA-47DF-9CA8-AB6E3F5D19AF}.Release|x64.Build.0 = Release|x64
		{E379D307-6FDA-47DF-9CA8-AB6E3F5D19AF}.Release|x86.ActiveCfg = Release|Win32
		{E379D307-6FDA-47DF-9CA8-AB6E3F5D19AF}.Release|x86.Build.0 = Release|Win32
		{7AB256E5-2D96-4389-92D9-7C780D3769CB}.Debug|x64.ActiveCfg = Debug|x64
		{7AB256E5-2D96-4389-92D9-7C780D3769CB}.Debug|x64.Build.0 = Debug|x64
		{7AB256E5-2D96-4389-92D9-7C780D3769CB}.Debug|x86.ActiveCfg = Debug|Win32
		{7AB256E5-2D96-4389-92D9-7C780D3769CB}.Debug|x86.Build.0 = Debug|Win32
		{7AB256E5-2D96-4389-92D9-7C780D3769CB}.Release|x64.ActiveCfg = Release|x64
		{7AB256E5-2D96-4389-92D9-7C780D3769CB}.Release|x64.Build.0 = Release|x64
		{7AB256E5-2D96-4389-92D9-7C780D3769CB}.Release|x86.ActiveCfg = Release|Win32
		{7AB256E5-2D96-4389-92D9-7C780D3769CB}.Release|x86.Build.0 = Release|Win32
		{331DCFA6-C86D-4239-BA68-371DFEEE5115}.Debug|x64.ActiveCfg = Debug|x64
		{331DCFA6-C86D-4239-BA68-371DFEEE5115}.Debug|x64.Build.0 = Debug|x64
		{331DCFA6-C86D-4239-BA68-371DFEEE5115}.Debug|x86.ActiveCfg = Debug|Win32
		{331DCFA6-C86D-4239-BA68-371DFEEE5115}.Debug|x86.Build.0 = Debug|Win32
		{331DCFA6-C86D-4239-BA68-371DFEEE5115}.Release|x64.ActiveCfg = Release|x64
		{331DCFA6-C86D-4239-BA68-371DFEEE5115}.Release|x64.Build.0 = Release|x64
		{331DCFA6-C86D-4239-BA68-371DFEEE5115}.Release|x86.ActiveCfg = Release|Win32
		{331DCFA6-C86D-4239-BA68-371DFEEE5115}.Release|x86.Build.0 = Release|Win32
		{19819CB6-99FD-4491-8483-B41D417FFC4B}.Debug|x64.ActiveCfg = Debug|x64
		{19819CB6-99FD-4491-8483-B41D417FFC4B}.Debug|x64.Build.0 = Debug|x64
		{19819CB6-99FD-4491-8483-B41D417FFC4B}.Debug|x86.ActiveCfg = Debug|Win32
		{19819CB6-99FD-4491-8483-B41D417FFC4B}.Debug|x86.Build.0 = Debug|Win32
		{19819CB6-99FD-4491-8483-B41D417FFC4B}.Release|x64.ActiveCfg = Release|x64
		{19819CB6-99FD-4491-8483-B41D417FFC4B}.Release|x64.Build.0 = Release|x64
		{19819CB6-99FD-4491-8483-B41D417FFC4B}.Release|x86.ActiveCfg = Release|Win32
		{19819CB6-99FD-4491-8483-B41D417FFC4B}.Release|x86.Build.0 = Release|Win32
		{4214B5ED-AAC7-4471-A3E9-22B5448DAE94}.Debug|x64.ActiveCfg = Debug|x64
		{4214B5ED-AAC7-4471-A3E9-22B5448DAE94}.Debug|x64.Build.0 = Debug|x64
		{4214B5ED-AAC7-4471-A3E9-22B5448DAE94}.Debug|x86.ActiveCfg = Debug|Win32
		{4214B5ED-AAC7-4471-A3E9-22B5448DAE94}.Debug|x86.Build.0 = Debug|Win32
		{4214B5ED-AAC7-4471-A3E9-22B5448DAE94}.Release|x64.ActiveCfg = Release|x64
		{4214B5ED-AAC7-4471-A3E9-22B5448DAE94}.Release|x64.Build.0 = Release|x64
		{4214B5ED-AAC7-4471-A3E9-22B5448DAE94}.Release|x86.ActiveCfg = Release|Win32
		{4214B5ED-AAC7-4471-A3E9-22B5448DAE94}.Release|x86.Build.0 = Release|Win32
		{E8D8CAB2-402A-4B7C-99CE-F1E20DBE9754}.Debug|x64.ActiveCfg = Debug|x64
		{E8D8CAB2-402A-4B7C-99CE-F1E20DBE9754}.Debug|x64.Build.0 = Debug|x64
		{E8D8CAB2-402A-4B7C-99CE-F1E20DBE9754}.Debug|x86.ActiveCfg = Debug|Win32
		{E8D8CAB2-402A-4B7C-99CE-F1E20DBE9754}.Debug|x86.Build.0 = Debug|Win32
		{E8D8CAB2-402A-4B7C-99CE-F1E20DBE9754}.Release|x64.ActiveCfg = Release|x64
		{E8D8CAB2-402A-4B7C-99CE-F1E20DBE9754}.Release|x64.Build.0 = Release|x64
		{E8D8CAB2-402A-4B7C-99CE-F1E20DBE9754}.Release|x86.ActiveCfg = Release|Win32
		{E8D8CAB2-402A-4B7C-99CE-F1E20DBE9754}.Release|x86.Build.0 = Release|Win32
		{0C17E236-6975-4B0B-AA8E-D0DE3A1799F4}.Debug|x64.ActiveCfg = Debug|x64
		{0C17E236-6975-4B0B-AA8E-D0DE3A1799F4}.Debug|x64.Build.0 = Debug|x64
		{0C17E236-6975-4B0B-AA8E-D0DE3A1799F4}.Debug|x86.ActiveCfg = Debug|Win32
		{0C17E236-6975-4B0B-AA8E-D0DE3A1799F4}.Debug|x86.Build.0 = Debug|Win32
		{0C17E236-6975-4B0B-AA8E-D0DE3A1799F4}.Release|x64.ActiveCfg = Release|x64
		{0C17E236-6975-4B0B-AA8E-D0DE3A1799F4}.Release|x64.Build.0 = Release|x64
		{0C17E236-6975-4B0B-AA8E-D0DE3A1799F4}.Release|x86.ActiveCfg = Release|Win32
		{0C17E236-6975-4B0B-AA8E-D0DE3A1799F4}.Release|x86.Build.0 = Release|Win32
		{E1E809E5-0847-4ADE-964D-3BAC02BA8D9C}.Debug|x64.ActiveCfg = Debug|x64
		{E1E809E5-0847-4ADE-964D-3BAC02BA8D9C}.Debug|x64.Build.0 = Debug|x64
		{E1E809E5-0847-4ADE-964D-3BAC02BA8D9C}.Debug|x86.ActiveCfg = Debug|Win32
		{E1E809E5-0847-4ADE-964D-3BAC02BA8D9C}.Debug|x86.Build.0 = Debug|Win32
		{E1E809E5-0847-4ADE-964D-3BAC02BA8D9C}.Release|x64.ActiveCfg = Release|x64
		{E1E809E5-0847-4ADE-964D-3BAC02BA8D9C}.Release|x64.Build.0 = Release|x64
		{E1E809E5-0847-4ADE-964D-3BAC02BA8D9C}.Release|x86.ActiveCfg = Release|Win32
		{E1E809E5-0847-4ADE-964D-3BAC02BA8D9C}.Release|x86.Build.0 = Release|Win32
		{55C9241D-17F1-41BE-B70C-205CEAD26F46}.Debug|x64.ActiveCfg = Debug|x64
		{55C9241D-17F1-41BE-B70C-205CEAD26F46}.Debug|x64.Build.0 = Debug|x64
		{55C9241D-17F1-41BE-B70C-205CEAD26F46}.Debug|x86.ActiveCfg = Debug|Win32
		{55C9241D-17F1-41BE-B70C-205CEAD26F46}.Debug|x86.Build.0 = Debug|Win32
		{55C9241D-17F1-41BE-B70C-205CEAD26F46}.Release|x64.ActiveCfg = Release|x64
		{55C9241D-17F1-41BE-B70C-205CEAD26F46}.Release|x64.Build.0 = Release|x64
		{55C9241D-17F1-41BE-B70C-205CEAD26F46}.Release|x86.ActiveCfg = Release|Win32
		{55C9241D-17F1-41BE-B70C-205CEAD26F46}.Release|x86.Build.0 = Release|Win32
		{77F00E6D-0960-42A5-83C3-B3A024DB1F4E}.Debug|x64.ActiveCfg = Debug|x64
		{77F00E6D-0960-42A5-83C3-B3A024DB1F4E}.Debug|x64.Build.0 = Debug|x64
		{77F00E6D-0960-42A5-83C3-B3A024DB1F4E}.Debug|x86.ActiveCfg = Debug|Win32
		{77F00E6D-0960-42A5-83C3-B3A024DB1F4E}.Debug|x86.Build.0 = Debug|Win32
		{77F00E6D-0960-42A5-83C3-B3A024DB1F4E}.Release|x64.ActiveCfg = Release|x64
		{77F00E6D-0960-42A5-83C3-B3A024DB1F4E}.Release|x64.Build.0 = Release|x64
		{77F00E6D-0960-42A5-83C3-B3A024DB1F4E}.Release|x86.ActiveCfg = Release|Win32
		{77F00E6D-0960-42A5-83C3-B3A024DB1F4E}.Release|x86.Build.0 = Release|Win32
		{D953BE70-BEC0-46B6-AB04-BA947E96FAD2}.Debug|x64.ActiveCfg = Debug|x64
		{D953BE70-BEC0-46B6-AB04-BA947E96FAD2}.Debug|x64.Build.0 = Debug|x64
		{D953BE70-BEC0-46B6-AB04-BA947E96FAD2}.Debug|x86.ActiveCfg = Debug|Win32
		{D953BE70-BEC0-46B6-AB04-BA947E96FAD2}.Debug|x86.Build.0 = Debug|Win32
		{D953BE70-BEC0-46B6-AB04-BA947E96FAD2}.Release|x64.ActiveCfg = Release|x64
		{D953BE70-BEC0-46B6-AB04-BA947E96FAD2}.Release|x64.Build.0 = Release|x64
		{D953BE70-BEC0-46B6-AB04-BA947E96FAD2}.Release|x86.ActiveCfg = Release|Win32
		{D953BE70-BEC0-46B6-AB04-BA947E96FAD2}.Release|x86.Build.0 = Release|Win32
		{6E3DFA30-3E1B-4733-9A17-AC7AC8903E8A}.Debug|x64.ActiveCfg = Debug|x64
		{6E3DFA30-3E1B-4733-9A17-AC7AC8903E8A}.Debug|x64.Build.0 = Debug|x64
		{6E3DFA30-3E1B-4733-9A17-AC7AC8903E8A}.Debug|x86.ActiveCfg = Debug|Win32
		{6E3DFA30-3E1B-4733-9A17-AC7AC8903E8A}.Debug|x86.Build.0 = Debug|Win32
		{6E3DFA30-3E1B-4733-9A17-AC7AC8903E8A}.Release|x64.ActiveCfg = Release|x64
		{6E3DFA30-3E1B-4733-9A17-AC7AC8903E8A}.Release|x64.Build.0 = Release|x64
		{6E3DFA30-3E1B-4733-9A17-AC7AC8903E8A}.Release|x86.ActiveCfg = Release|Win32
		{6E3DFA30-3E1B-4733-9A17-AC7AC8903E8A}.Release|x86.Build.0 = Release|Win32
		{6BD0DCC0-F4D4-406F-A431-712736103A99}.Debug|x64.ActiveCfg = Debug|x64
		{6BD0DCC0-F4D4-406F-A431-712736103A99}.Debug|x64.Build.0 = Debug|x64
		{6BD0DCC0-F4D4-406F-A431-712736103A99}.Debug|x86.ActiveCfg = Debug|Win32
		{6BD0DCC0-F4D4-406F-A431-712736103A99}.Debug|x86.Build.0 = Debug|Win32
		{6BD0DCC0-F4D4-406F-A431-712736103A99}.Release|x64.ActiveCfg = Release|x64
		{6BD0DCC0-F4D4-406F-A431-712736103A99}.Release|x64.Build.0 = Release|x64
		{6BD0DCC0-F4D4-406F-A431-712736103A99}.Release|x86.ActiveCfg = Release|Win32
		{6BD0DCC0-F4D4-406F-A431-712736103A99}.Release|x86.Build.0 = Release|Win32
		{53D2F7FD-6AEB-4018-B920-00911F5C245C}.Debug|x64.ActiveCfg = Debug|x64
		{53D2F7FD-6AEB-4018-B920-00911F5C245C}.Debug|x64.Build.0 = Debug|x64
		{53D2F7FD-6AEB-4018-B920-00911F5C245C}.Debug|x86.ActiveCfg = Debug|Win32
		{53D2F7FD-6AEB-4018-B920-00911F5C245C}.Debug|x86.Build.0 = Debug|Win32
		{53D2F7FD-6AEB-4018-B920-00911F5C245C}.Release|x64.ActiveCfg = Release|x64
		{53D2F7FD-6AEB-4018-B920-00911F5C245C}.Release|x64.Build.0 = Release|x64
		{53D2F7FD-6AEB-4018-B920-00911F5C245C}.Release|x86.ActiveCfg = Release|Win32
		{53D2F7FD-6AEB-4018-B920-00911F5C245C}.Release|x86.Build.0 = Release|Win32
		{9C52EBE8-38A9-4CFA-838C-C31A353FDA46}.Debug|x64.ActiveCfg = Debug|x64
		{9C52EBE8-38A9-4CFA-838C-C31A353FDA46}.Debug|x64.Build.0 = Debug|x64
		{9C52EBE8-38A9-4CFA-838C-C31A353FDA46}.Debug|x86.ActiveCfg = Debug|Win32
		{9C52EBE8-38A9-4CFA-838C-C31A353FDA46}.Debug|x86.Build.0 = Debug|Win32
		{9C52EBE8-38A9-4CFA-838C-C31A353FDA46}.Release|x64.ActiveCfg = Release|x64
		{9C52EBE8-38A9-4CFA-838C-C31A353FDA46}.Release|x64.Build.0 = Release|x64
		{9C52EBE8-38A9-4CFA-838C-C31A353FDA46}.Release|x86.ActiveCfg = Release|Win32
		{9C52EBE8-38A9-4CFA-838C-C31A353FDA46}.Release|x86.Build.0 = Release|Win32
		{15B98042-D21E-4BF1-AC62-E11C67EF43A0}.Debug|x64.ActiveCfg = Debug|x64
		{15B98042-D21E-4BF1-AC62-E11C67EF43A0}.Debug|x64.Build.0 = Debug|x64
		{15B98042-D21E-4BF1-AC62-E11C67EF43A0}.Debug|x86.ActiveCfg = Debug|Win32
		{15B98042-D21E-4BF1-AC62-E11C67EF43A0}.Debug|x86.Build.0 = Debug|Win32
		{15B98042-D21E-4BF1-AC62-E11C67EF43A0}.Release|x64.ActiveCfg = Release|x64
		{15B98042-D21E-4BF1-AC62-E11C67EF43A0}.Release|x64.Build.0 = Release|x64
		{15B98042-D21E-4BF1-AC62-E11C67EF43A0}.Release|x86.ActiveCfg = Release|Win32
		{15B98042-D21E-4BF1-AC62-E11C67EF43A0}.Release|x86.Build.0 = Release|Win32
		{E86455CB-2712-45BA-9FC1-7460813B6A41}.Debug|x64.ActiveCfg = Debug|x64
		{E86455CB-2712-45BA-9FC1-7460813B6A41}.Debug|x64.Build.0 = Debug|x64
		{E86455CB-2712-45BA-9FC1-7460813B6A41}.Debug|x86.ActiveCfg = Debug|Win32
		{E86455CB-2712-45BA-9FC1-7460813B6A41}.Debug|x86.Build.0 = Debug|Win32
		{E86455CB-2712-45BA-9FC1-7460813B6A41}.Release|x64.ActiveCfg = Release|x64
		{E86455CB-2712-45BA-9FC1-7460813B6A41}.Release|x64.Build.0 = Release|x64
		{E86455CB-2712-45BA-9FC1-7460813B6A41}.Release|x86.ActiveCfg = Release|Win32
		{E86455CB-2712-45BA-9FC1-7460813B6A41}.Release|x86.Build.0 = Release|Win32
		{F5853ED7-6984-42E0-97ED-FA8F8584889A}.Debug|x64.ActiveCfg = Debug|x64
		{F5853ED7-6984-42E0-97ED-FA8F8584889A}.Debug|x64.Build.0 = Debug|x64
		{F5853ED7-6984-42E0-97ED-FA8F8584889A}.Debug|x86.ActiveCfg = Debug|Win32
		{F5853ED7-6984-42E0-97ED-FA8F8584889A}.Debug|x86.Build.0 = Debug|Win32
		{F5853ED7-6984-42E0-97ED-FA8F8584889A}.Release|x64.ActiveCfg = Release|x64
		{F5853ED7-6984-42E0-97ED-FA8F8584889A}.Release|x64.Build.0 = Release|x64
		{F5853ED7-6984-42E0-97ED-FA8F8584889A}.Release|x86.ActiveCfg = Release|Win32
		{F5853ED7-6984-42E0-97ED-FA8F8584889A}.Release|x86.Build.0 = Release|Win32
		{D4D35B10-5E90-4888-AC6D-40F69EA66FD2}.Debug|x64.ActiveCfg = Debug|x64
		{D4D35B10-5E90-4888-AC6D-40F69EA66FD2}.Debug|x64.Build.0 = Debug|x64
		{D4D35B10-5E90-4888-AC6D-40F69EA66FD2}.Debug|x86.ActiveCfg = Debug|Win32
		{D4D35B10-5E90-4888-AC6D-40F69EA66FD2}.Debug|x86.Build.0 = Debug|Win32
		{D4D35B10-5E90-4888-AC6D-40F69EA66FD2}.Release|x64.ActiveCfg = Release|x64
		{D4D35B10-5E90-4888-AC6D-40F69EA66FD2}.Release|x64.Build.0 = Release|x64
		{D4D35B10-5E90-4888-AC6D-40F69EA66FD2}.Release|x86.ActiveCfg = Release|Win32
		{D4D35B10-5E90-4888-AC6D-40F69EA66FD2}.Release|x86.Build.0 = Release|Win32
		{1F273A3D-4614-4A88-8942-714C0CA3B809}.Debug|x64.ActiveCfg = Debug|x64
		{1F273A3D-4614-4A88-8942-714C0CA3B809}.Debug|x64.Build.0 = Debug|x64
		{1F273A3D-4614-4A88-8942-714C0CA3B809}.Debug|x86.ActiveCfg = Debug|Win32
		{1F273A3D-4614-4A88-8942-714C0CA3B809}.Debug|x86.Build.0 = Debug|Win32
		{1F273A3D-4614-4A88-8942-714C0CA3B809}.Release|x64.ActiveCfg = Release|x64
		{1F273A3D-4614-4A88-8942-714C0CA3B809}.Release|x64.Build.0 = Release|x64
		{1F273A3D-4614-4A88-8942-714C0CA3B809}.Release|x86.ActiveCfg = Release|Win32
		{1F273A3D-4614-4A88-8942-714C0CA3B809}.Release|x86.Build.0 = Release|Win32
		{E3FB237E-9A1F-4FFF-A546-17E9D451153C}.Debug|x64.ActiveCfg = Debug|x64
		{E3FB237E-9A1F-4FFF-A546-17E9D451153C}.Debug|x64.Build.0 = Debug|x64
		{E3FB237E-9A1F-4FFF-A546-17E9D451153C}.Debug|x86.ActiveCfg = Debug|Win32
		{E3FB237E-9A1F-4FFF-A546-17E9D451153C}.Debug|x86.Build.0 = Debug|Win32
		{E3FB237E-9A1F-4FFF-A546-17E9D451153C}.Release|x64.ActiveCfg = Release|x64
		{E3FB237E-9A1F-4FFF-A546-17E9D451153C}.Release|x64.Build.0 = Release|x64
		{E3FB237E-9A1F-4FFF-A546-17E9D451153C}.Release|x86.ActiveCfg = Release|Win32
		{E3FB237E-9A1F-4FFF-A546-17E9D451153C}.Release|x86.Build.0 = Release|Win32
		{34034270-EBDB-4942-853E-6F63F27D659A}.Debug|x64.ActiveCfg = Debug|x64
		{34034270-EBDB-4942-853E-6F63F27D659A}.Debug|x64.Build.0 = Debug|x64
		{34034270-EBDB-4942-853E-6F63F27D659A}.Debug|x86.ActiveCfg = Debug|Win32
		{34034270-EBDB-4942-853E-6F63F27D659A}.Debug|x86.Build.0 = Debug|Win32
		{34034270-EBDB-4942-853E-6F63F27D659A}.Release|x64.ActiveCfg = Release|x64
		{34034270-EBDB-4942-853E-6F63F27D659A}.Release|x64.Build.0 = Release|x64
		{34034270-EBDB-4942-853E-6F63F27D659A}.Release|x86.ActiveCfg = Release|Win32
		{34034270-EBDB-4942-853E-6F63F27D659A}.Release|x86.Build.0 = Release|Win32
	EndGlobalSection
	GlobalSection(SolutionProperties) = preSolution
		HideSolutionNode = FALSE
	EndGlobalSection
EndGlobal
